
Microsoft Visual Studio Solution File, Format Version 12.00
# Visual Studio Version 17
VisualStudioVersion = 17.0.32112.339
MinimumVisualStudioVersion = 10.0.40219.1
Project("{FAE04EC0-301F-11D3-BF4B-00C04F79EFBC}") = "DesignPatterns", "DesignPatterns.csproj", "{04A85AFC-5F9A-48B2-9041-021F8E2ECDF7}"
EndProject
Global
	GlobalSection(SolutionConfigurationPlatforms) = preSolution
		Debug|Any CPU = Debug|Any CPU
		Release|Any CPU = Release|Any CPU
	EndGlobalSection
	GlobalSection(ProjectConfigurationPlatforms) = postSolution
		{04A85AFC-5F9A-48B2-9041-021F8E2ECDF7}.Debug|Any CPU.ActiveCfg = Debug|Any CPU
		{04A85AFC-5F9A-48B2-9041-021F8E2ECDF7}.Debug|Any CPU.Build.0 = Debug|Any CPU
		{04A85AFC-5F9A-48B2-9041-021F8E2ECDF7}.Release|Any CPU.ActiveCfg = Release|Any CPU
		{04A85AFC-5F9A-48B2-9041-021F8E2ECDF7}.Release|Any CPU.Build.0 = Release|Any CPU
	EndGlobalSection
	GlobalSection(SolutionProperties) = preSolution
		HideSolutionNode = FALSE
	EndGlobalSection
	GlobalSection(ExtensibilityGlobals) = postSolution
		SolutionGuid = {D813B95C-9CD0-49EB-9714-5C2526E61934}
	EndGlobalSection
EndGlobal
